
Microsoft Visual Studio Solution File, Format Version 12.00
# Visual Studio Version 17
VisualStudioVersion = 17.12.35707.178
MinimumVisualStudioVersion = 10.0.40219.1
Project("{FAE04EC0-301F-11D3-BF4B-00C04F79EFBC}") = "FluorescenceFullAutomatic", "FluorescenceFullAutomatic.csproj", "{BC56B4BA-C323-4946-9C45-CB22DC34337F}"
EndProject
Global
	GlobalSection(SolutionConfigurationPlatforms) = preSolution
		Debug|Any CPU = Debug|Any CPU
		Release|Any CPU = Release|Any CPU
	EndGlobalSection
	GlobalSection(ProjectConfigurationPlatforms) = postSolution
		{BC56B4BA-C323-4946-9C45-CB22DC34337F}.Debug|Any CPU.ActiveCfg = Debug|Any CPU
		{BC56B4BA-C323-4946-9C45-CB22DC34337F}.Debug|Any CPU.Build.0 = Debug|Any CPU
		{BC56B4BA-C323-4946-9C45-CB22DC34337F}.Release|Any CPU.ActiveCfg = Release|Any CPU
		{BC56B4BA-C323-4946-9C45-CB22DC34337F}.Release|Any CPU.Build.0 = Release|Any CPU
	EndGlobalSection
	GlobalSection(SolutionProperties) = preSolution
		HideSolutionNode = FALSE
	EndGlobalSection
EndGlobal
